# This file was autogenerated by Stack.
# You should not edit this file by hand.
# For more information, please see the documentation at:
#   https://docs.haskellstack.org/en/stable/lock_files

packages:
- completed:
    size: 3110
    url: https://hackage.haskell.org/package/scroll-list-1.0.0.1/scroll-list-1.0.0.1.tar.gz
    name: scroll-list
    version: 1.0.0.1
    sha256: 83fb6c9c70943e5a3ec074023f0c9d5648589afae491bf0c4f7fba290958e4e3
    pantry-tree:
      size: 372
      sha256: 0fb8e05b1ab9931aee1b13f0b864a5e82273790f70d40938f7a159471140cfea
  original:
    url: https://hackage.haskell.org/package/scroll-list-1.0.0.1/scroll-list-1.0.0.1.tar.gz
snapshots:
- completed:
    size: 565266
    url: https://raw.githubusercontent.com/commercialhaskell/stackage-snapshots/master/lts/17/5.yaml
    sha256: 78e8ebabf11406261abbc95b44f240acf71802630b368888f6d758de7fc3a2f7
  original:
    url: https://raw.githubusercontent.com/commercialhaskell/stackage-snapshots/master/lts/17/5.yaml
