# This file was autogenerated by Stack.
# You should not edit this file by hand.
# For more information, please see the documentation at:
#   https://docs.haskellstack.org/en/stable/lock_files

packages:
- completed:
    size: 3586
    url: https://hackage.haskell.org/package/scroll-list-1.1.0.0/scroll-list-1.1.0.0.tar.gz
    name: scroll-list
    version: 1.1.0.0
    sha256: 6d8cb23d211fa3267ddc48e6e29dd156503e3a563916719e7073eddf510a138c
    pantry-tree:
      size: 372
      sha256: f3abcea9109241dece0774cb52b9c7a0f7736329a18bf1635a4931becf305019
  original:
    url: https://hackage.haskell.org/package/scroll-list-1.1.0.0/scroll-list-1.1.0.0.tar.gz
snapshots:
- completed:
    size: 565266
    url: https://raw.githubusercontent.com/commercialhaskell/stackage-snapshots/master/lts/17/5.yaml
    sha256: 78e8ebabf11406261abbc95b44f240acf71802630b368888f6d758de7fc3a2f7
  original:
    url: https://raw.githubusercontent.com/commercialhaskell/stackage-snapshots/master/lts/17/5.yaml
